// !$*UTF8*$!
{
	archiveVersion = 1;
	classes = {
	};
	objectVersion = 56;
	objects = {

/* Begin PBXBuildFile section */
		30B4EFA92993F9F400214769 /* maps_hackwichApp.swift in Sources */ = {isa = PBXBuildFile; fileRef = 30B4EFA82993F9F400214769 /* maps_hackwichApp.swift */; };
		30B4EFAB2993F9F400214769 /* ContentView.swift in Sources */ = {isa = PBXBuildFile; fileRef = 30B4EFAA2993F9F400214769 /* ContentView.swift */; };
		30B4EFAD2993F9F500214769 /* Assets.xcassets in Resources */ = {isa = PBXBuildFile; fileRef = 30B4EFAC2993F9F500214769 /* Assets.xcassets */; };
		30B4EFB02993F9F500214769 /* Preview Assets.xcassets in Resources */ = {isa = PBXBuildFile; fileRef = 30B4EFAF2993F9F500214769 /* Preview Assets.xcassets */; };
		30B4EFBA2993F9F600214769 /* maps_hackwichTests.swift in Sources */ = {isa = PBXBuildFile; fileRef = 30B4EFB92993F9F600214769 /* maps_hackwichTests.swift */; };
		30B4EFC42993F9F600214769 /* maps_hackwichUITests.swift in Sources */ = {isa = PBXBuildFile; fileRef = 30B4EFC32993F9F600214769 /* maps_hackwichUITests.swift */; };
		30B4EFC62993F9F600214769 /* maps_hackwichUITestsLaunchTests.swift in Sources */ = {isa = PBXBuildFile; fileRef = 30B4EFC52993F9F600214769 /* maps_hackwichUITestsLaunchTests.swift */; };
/* End PBXBuildFile section */

/* Begin PBXContainerItemProxy section */
		30B4EFB62993F9F600214769 /* PBXContainerItemProxy */ = {
			isa = PBXContainerItemProxy;
			containerPortal = 30B4EF9D2993F9F400214769 /* Project object */;
			proxyType = 1;
			remoteGlobalIDString = 30B4EFA42993F9F400214769;
			remoteInfo = "maps hackwich";
		};
		30B4EFC02993F9F600214769 /* PBXContainerItemProxy */ = {
			isa = PBXContainerItemProxy;
			containerPortal = 30B4EF9D2993F9F400214769 /* Project object */;
			proxyType = 1;
			remoteGlobalIDString = 30B4EFA42993F9F400214769;
			remoteInfo = "maps hackwich";
		};
/* End PBXContainerItemProxy section */

/* Begin PBXFileReference section */
		30B4EFA52993F9F400214769 /* maps hackwich.app */ = {isa = PBXFileReference; explicitFileType = wrapper.application; includeInIndex = 0; path = "maps hackwich.app"; sourceTree = BUILT_PRODUCTS_DIR; };
		30B4EFA82993F9F400214769 /* maps_hackwichApp.swift */ = {isa = PBXFileReference; lastKnownFileType = sourcecode.swift; path = maps_hackwichApp.swift; sourceTree = "<group>"; };
		30B4EFAA2993F9F400214769 /* ContentView.swift */ = {isa = PBXFileReference; lastKnownFileType = sourcecode.swift; path = ContentView.swift; sourceTree = "<group>"; };
		30B4EFAC2993F9F500214769 /* Assets.xcassets */ = {isa = PBXFileReference; lastKnownFileType = folder.assetcatalog; path = Assets.xcassets; sourceTree = "<group>"; };
		30B4EFAF2993F9F500214769 /* Preview Assets.xcassets */ = {isa = PBXFileReference; lastKnownFileType = folder.assetcatalog; path = "Preview Assets.xcassets"; sourceTree = "<group>"; };
		30B4EFB52993F9F600214769 /* maps hackwichTests.xctest */ = {isa = PBXFileReference; explicitFileType = wrapper.cfbundle; includeInIndex = 0; path = "maps hackwichTests.xctest"; sourceTree = BUILT_PRODUCTS_DIR; };
		30B4EFB92993F9F600214769 /* maps_hackwichTests.swift */ = {isa = PBXFileReference; lastKnownFileType = sourcecode.swift; path = maps_hackwichTests.swift; sourceTree = "<group>"; };
		30B4EFBF2993F9F600214769 /* maps hackwichUITests.xctest */ = {isa = PBXFileReference; explicitFileType = wrapper.cfbundle; includeInIndex = 0; path = "maps hackwichUITests.xctest"; sourceTree = BUILT_PRODUCTS_DIR; };
		30B4EFC32993F9F600214769 /* maps_hackwichUITests.swift */ = {isa = PBXFileReference; lastKnownFileType = sourcecode.swift; path = maps_hackwichUITests.swift; sourceTree = "<group>"; };
		30B4EFC52993F9F600214769 /* maps_hackwichUITestsLaunchTests.swift */ = {isa = PBXFileReference; lastKnownFileType = sourcecode.swift; path = maps_hackwichUITestsLaunchTests.swift; sourceTree = "<group>"; };
/* End PBXFileReference section */

/* Begin PBXFrameworksBuildPhase section */
		30B4EFA22993F9F400214769 /* Frameworks */ = {
			isa = PBXFrameworksBuildPhase;
			buildActionMask = 2147483647;
			files = (
			);
			runOnlyForDeploymentPostprocessing = 0;
		};
		30B4EFB22993F9F600214769 /* Frameworks */ = {
			isa = PBXFrameworksBuildPhase;
			buildActionMask = 2147483647;
			files = (
			);
			runOnlyForDeploymentPostprocessing = 0;
		};
		30B4EFBC2993F9F600214769 /* Frameworks */ = {
			isa = PBXFrameworksBuildPhase;
			buildActionMask = 2147483647;
			files = (
			);
			runOnlyForDeploymentPostprocessing = 0;
		};
/* End PBXFrameworksBuildPhase section */

/* Begin PBXGroup section */
		30B4EF9C2993F9F400214769 = {
			isa = PBXGroup;
			children = (
				30B4EFA72993F9F400214769 /* maps hackwich */,
				30B4EFB82993F9F600214769 /* maps hackwichTests */,
				30B4EFC22993F9F600214769 /* maps hackwichUITests */,
				30B4EFA62993F9F400214769 /* Products */,
			);
			sourceTree = "<group>";
		};
		30B4EFA62993F9F400214769 /* Products */ = {
			isa = PBXGroup;
			children = (
				30B4EFA52993F9F400214769 /* maps hackwich.app */,
				30B4EFB52993F9F600214769 /* maps hackwichTests.xctest */,
				30B4EFBF2993F9F600214769 /* maps hackwichUITests.xctest */,
			);
			name = Products;
			sourceTree = "<group>";
		};
		30B4EFA72993F9F400214769 /* maps hackwich */ = {
			isa = PBXGroup;
			children = (
				30B4EFA82993F9F400214769 /* maps_hackwichApp.swift */,
				30B4EFAA2993F9F400214769 /* ContentView.swift */,
				30B4EFAC2993F9F500214769 /* Assets.xcassets */,
				30B4EFAE2993F9F500214769 /* Preview Content */,
			);
			path = "maps hackwich";
			sourceTree = "<group>";
		};
		30B4EFAE2993F9F500214769 /* Preview Content */ = {
			isa = PBXGroup;
			children = (
				30B4EFAF2993F9F500214769 /* Preview Assets.xcassets */,
			);
			path = "Preview Content";
			sourceTree = "<group>";
		};
		30B4EFB82993F9F600214769 /* maps hackwichTests */ = {
			isa = PBXGroup;
			children = (
				30B4EFB92993F9F600214769 /* maps_hackwichTests.swift */,
			);
			path = "maps hackwichTests";
			sourceTree = "<group>";
		};
		30B4EFC22993F9F600214769 /* maps hackwichUITests */ = {
			isa = PBXGroup;
			children = (
				30B4EFC32993F9F600214769 /* maps_hackwichUITests.swift */,
				30B4EFC52993F9F600214769 /* maps_hackwichUITestsLaunchTests.swift */,
			);
			path = "maps hackwichUITests";
			sourceTree = "<group>";
		};
/* End PBXGroup section */

/* Begin PBXNativeTarget section */
		30B4EFA42993F9F400214769 /* maps hackwich */ = {
			isa = PBXNativeTarget;
			buildConfigurationList = 30B4EFC92993F9F600214769 /* Build configuration list for PBXNativeTarget "maps hackwich" */;
			buildPhases = (
				30B4EFA12993F9F400214769 /* Sources */,
				30B4EFA22993F9F400214769 /* Frameworks */,
				30B4EFA32993F9F400214769 /* Resources */,
			);
			buildRules = (
			);
			dependencies = (
			);
			name = "maps hackwich";
			productName = "maps hackwich";
			productReference = 30B4EFA52993F9F400214769 /* maps hackwich.app */;
			productType = "com.apple.product-type.application";
		};
		30B4EFB42993F9F600214769 /* maps hackwichTests */ = {
			isa = PBXNativeTarget;
			buildConfigurationList = 30B4EFCC2993F9F600214769 /* Build configuration list for PBXNativeTarget "maps hackwichTests" */;
			buildPhases = (
				30B4EFB12993F9F600214769 /* Sources */,
				30B4EFB22993F9F600214769 /* Frameworks */,
				30B4EFB32993F9F600214769 /* Resources */,
			);
			buildRules = (
			);
			dependencies = (
				30B4EFB72993F9F600214769 /* PBXTargetDependency */,
			);
			name = "maps hackwichTests";
			productName = "maps hackwichTests";
			productReference = 30B4EFB52993F9F600214769 /* maps hackwichTests.xctest */;
			productType = "com.apple.product-type.bundle.unit-test";
		};
		30B4EFBE2993F9F600214769 /* maps hackwichUITests */ = {
			isa = PBXNativeTarget;
			buildConfigurationList = 30B4EFCF2993F9F600214769 /* Build configuration list for PBXNativeTarget "maps hackwichUITests" */;
			buildPhases = (
				30B4EFBB2993F9F600214769 /* Sources */,
				30B4EFBC2993F9F600214769 /* Frameworks */,
				30B4EFBD2993F9F600214769 /* Resources */,
			);
			buildRules = (
			);
			dependencies = (
				30B4EFC12993F9F600214769 /* PBXTargetDependency */,
			);
			name = "maps hackwichUITests";
			productName = "maps hackwichUITests";
			productReference = 30B4EFBF2993F9F600214769 /* maps hackwichUITests.xctest */;
			productType = "com.apple.product-type.bundle.ui-testing";
		};
/* End PBXNativeTarget section */

/* Begin PBXProject section */
		30B4EF9D2993F9F400214769 /* Project object */ = {
			isa = PBXProject;
			attributes = {
				BuildIndependentTargetsInParallel = 1;
				LastSwiftUpdateCheck = 1400;
				LastUpgradeCheck = 1400;
				TargetAttributes = {
					30B4EFA42993F9F400214769 = {
						CreatedOnToolsVersion = 14.0.1;
					};
					30B4EFB42993F9F600214769 = {
						CreatedOnToolsVersion = 14.0.1;
						TestTargetID = 30B4EFA42993F9F400214769;
					};
					30B4EFBE2993F9F600214769 = {
						CreatedOnToolsVersion = 14.0.1;
						TestTargetID = 30B4EFA42993F9F400214769;
					};
				};
			};
			buildConfigurationList = 30B4EFA02993F9F400214769 /* Build configuration list for PBXProject "maps hackwich" */;
			compatibilityVersion = "Xcode 14.0";
			developmentRegion = en;
			hasScannedForEncodings = 0;
			knownRegions = (
				en,
				Base,
			);
			mainGroup = 30B4EF9C2993F9F400214769;
			productRefGroup = 30B4EFA62993F9F400214769 /* Products */;
			projectDirPath = "";
			projectRoot = "";
			targets = (
				30B4EFA42993F9F400214769 /* maps hackwich */,
				30B4EFB42993F9F600214769 /* maps hackwichTests */,
				30B4EFBE2993F9F600214769 /* maps hackwichUITests */,
			);
		};
/* End PBXProject section */

/* Begin PBXResourcesBuildPhase section */
		30B4EFA32993F9F400214769 /* Resources */ = {
			isa = PBXResourcesBuildPhase;
			buildActionMask = 2147483647;
			files = (
				30B4EFB02993F9F500214769 /* Preview Assets.xcassets in Resources */,
				30B4EFAD2993F9F500214769 /* Assets.xcassets in Resources */,
			);
			runOnlyForDeploymentPostprocessing = 0;
		};
		30B4EFB32993F9F600214769 /* Resources */ = {
			isa = PBXResourcesBuildPhase;
			buildActionMask = 2147483647;
			files = (
			);
			runOnlyForDeploymentPostprocessing = 0;
		};
		30B4EFBD2993F9F600214769 /* Resources */ = {
			isa = PBXResourcesBuildPhase;
			buildActionMask = 2147483647;
			files = (
			);
			runOnlyForDeploymentPostprocessing = 0;
		};
/* End PBXResourcesBuildPhase section */

/* Begin PBXSourcesBuildPhase section */
		30B4EFA12993F9F400214769 /* Sources */ = {
			isa = PBXSourcesBuildPhase;
			buildActionMask = 2147483647;
			files = (
				30B4EFAB2993F9F400214769 /* ContentView.swift in Sources */,
				30B4EFA92993F9F400214769 /* maps_hackwichApp.swift in Sources */,
			);
			runOnlyForDeploymentPostprocessing = 0;
		};
		30B4EFB12993F9F600214769 /* Sources */ = {
			isa = PBXSourcesBuildPhase;
			buildActionMask = 2147483647;
			files = (
				30B4EFBA2993F9F600214769 /* maps_hackwichTests.swift in Sources */,
			);
			runOnlyForDeploymentPostprocessing = 0;
		};
		30B4EFBB2993F9F600214769 /* Sources */ = {
			isa = PBXSourcesBuildPhase;
			buildActionMask = 2147483647;
			files = (
				30B4EFC42993F9F600214769 /* maps_hackwichUITests.swift in Sources */,
				30B4EFC62993F9F600214769 /* maps_hackwichUITestsLaunchTests.swift in Sources */,
			);
			runOnlyForDeploymentPostprocessing = 0;
		};
/* End PBXSourcesBuildPhase section */

/* Begin PBXTargetDependency section */
		30B4EFB72993F9F600214769 /* PBXTargetDependency */ = {
			isa = PBXTargetDependency;
			target = 30B4EFA42993F9F400214769 /* maps hackwich */;
			targetProxy = 30B4EFB62993F9F600214769 /* PBXContainerItemProxy */;
		};
		30B4EFC12993F9F600214769 /* PBXTargetDependency */ = {
			isa = PBXTargetDependency;
			target = 30B4EFA42993F9F400214769 /* maps hackwich */;
			targetProxy = 30B4EFC02993F9F600214769 /* PBXContainerItemProxy */;
		};
/* End PBXTargetDependency section */

/* Begin XCBuildConfiguration section */
		30B4EFC72993F9F600214769 /* Debug */ = {
			isa = XCBuildConfiguration;
			buildSettings = {
				ALWAYS_SEARCH_USER_PATHS = NO;
				CLANG_ANALYZER_NONNULL = YES;
				CLANG_ANALYZER_NUMBER_OBJECT_CONVERSION = YES_AGGRESSIVE;
				CLANG_CXX_LANGUAGE_STANDARD = "gnu++20";
				CLANG_ENABLE_MODULES = YES;
				CLANG_ENABLE_OBJC_ARC = YES;
				CLANG_ENABLE_OBJC_WEAK = YES;
				CLANG_WARN_BLOCK_CAPTURE_AUTORELEASING = YES;
				CLANG_WARN_BOOL_CONVERSION = YES;
				CLANG_WARN_COMMA = YES;
				CLANG_WARN_CONSTANT_CONVERSION = YES;
				CLANG_WARN_DEPRECATED_OBJC_IMPLEMENTATIONS = YES;
				CLANG_WARN_DIRECT_OBJC_ISA_USAGE = YES_ERROR;
				CLANG_WARN_DOCUMENTATION_COMMENTS = YES;
				CLANG_WARN_EMPTY_BODY = YES;
				CLANG_WARN_ENUM_CONVERSION = YES;
				CLANG_WARN_INFINITE_RECURSION = YES;
				CLANG_WARN_INT_CONVERSION = YES;
				CLANG_WARN_NON_LITERAL_NULL_CONVERSION = YES;
				CLANG_WARN_OBJC_IMPLICIT_RETAIN_SELF = YES;
				CLANG_WARN_OBJC_LITERAL_CONVERSION = YES;
				CLANG_WARN_OBJC_ROOT_CLASS = YES_ERROR;
				CLANG_WARN_QUOTED_INCLUDE_IN_FRAMEWORK_HEADER = YES;
				CLANG_WARN_RANGE_LOOP_ANALYSIS = YES;
				CLANG_WARN_STRICT_PROTOTYPES = YES;
				CLANG_WARN_SUSPICIOUS_MOVE = YES;
				CLANG_WARN_UNGUARDED_AVAILABILITY = YES_AGGRESSIVE;
				CLANG_WARN_UNREACHABLE_CODE = YES;
				CLANG_WARN__DUPLICATE_METHOD_MATCH = YES;
				COPY_PHASE_STRIP = NO;
				DEBUG_INFORMATION_FORMAT = dwarf;
				ENABLE_STRICT_OBJC_MSGSEND = YES;
				ENABLE_TESTABILITY = YES;
				GCC_C_LANGUAGE_STANDARD = gnu11;
				GCC_DYNAMIC_NO_PIC = NO;
				GCC_NO_COMMON_BLOCKS = YES;
				GCC_OPTIMIZATION_LEVEL = 0;
				GCC_PREPROCESSOR_DEFINITIONS = (
					"DEBUG=1",
					"$(inherited)",
				);
				GCC_WARN_64_TO_32_BIT_CONVERSION = YES;
				GCC_WARN_ABOUT_RETURN_TYPE = YES_ERROR;
				GCC_WARN_UNDECLARED_SELECTOR = YES;
				GCC_WARN_UNINITIALIZED_AUTOS = YES_AGGRESSIVE;
				GCC_WARN_UNUSED_FUNCTION = YES;
				GCC_WARN_UNUSED_VARIABLE = YES;
				IPHONEOS_DEPLOYMENT_TARGET = 16.0;
				MTL_ENABLE_DEBUG_INFO = INCLUDE_SOURCE;
				MTL_FAST_MATH = YES;
				ONLY_ACTIVE_ARCH = YES;
				SDKROOT = iphoneos;
				SWIFT_ACTIVE_COMPILATION_CONDITIONS = DEBUG;
				SWIFT_OPTIMIZATION_LEVEL = "-Onone";
			};
			name = Debug;
		};
		30B4EFC82993F9F600214769 /* Release */ = {
			isa = XCBuildConfiguration;
			buildSettings = {
				ALWAYS_SEARCH_USER_PATHS = NO;
				CLANG_ANALYZER_NONNULL = YES;
				CLANG_ANALYZER_NUMBER_OBJECT_CONVERSION = YES_AGGRESSIVE;
				CLANG_CXX_LANGUAGE_STANDARD = "gnu++20";
				CLANG_ENABLE_MODULES = YES;
				CLANG_ENABLE_OBJC_ARC = YES;
				CLANG_ENABLE_OBJC_WEAK = YES;
				CLANG_WARN_BLOCK_CAPTURE_AUTORELEASING = YES;
				CLANG_WARN_BOOL_CONVERSION = YES;
				CLANG_WARN_COMMA = YES;
				CLANG_WARN_CONSTANT_CONVERSION = YES;
				CLANG_WARN_DEPRECATED_OBJC_IMPLEMENTATIONS = YES;
				CLANG_WARN_DIRECT_OBJC_ISA_USAGE = YES_ERROR;
				CLANG_WARN_DOCUMENTATION_COMMENTS = YES;
				CLANG_WARN_EMPTY_BODY = YES;
				CLANG_WARN_ENUM_CONVERSION = YES;
				CLANG_WARN_INFINITE_RECURSION = YES;
				CLANG_WARN_INT_CONVERSION = YES;
				CLANG_WARN_NON_LITERAL_NULL_CONVERSION = YES;
				CLANG_WARN_OBJC_IMPLICIT_RETAIN_SELF = YES;
				CLANG_WARN_OBJC_LITERAL_CONVERSION = YES;
				CLANG_WARN_OBJC_ROOT_CLASS = YES_ERROR;
				CLANG_WARN_QUOTED_INCLUDE_IN_FRAMEWORK_HEADER = YES;
				CLANG_WARN_RANGE_LOOP_ANALYSIS = YES;
				CLANG_WARN_STRICT_PROTOTYPES = YES;
				CLANG_WARN_SUSPICIOUS_MOVE = YES;
				CLANG_WARN_UNGUARDED_AVAILABILITY = YES_AGGRESSIVE;
				CLANG_WARN_UNREACHABLE_CODE = YES;
				CLANG_WARN__DUPLICATE_METHOD_MATCH = YES;
				COPY_PHASE_STRIP = NO;
				DEBUG_INFORMATION_FORMAT = "dwarf-with-dsym";
				ENABLE_NS_ASSERTIONS = NO;
				ENABLE_STRICT_OBJC_MSGSEND = YES;
				GCC_C_LANGUAGE_STANDARD = gnu11;
				GCC_NO_COMMON_BLOCKS = YES;
				GCC_WARN_64_TO_32_BIT_CONVERSION = YES;
				GCC_WARN_ABOUT_RETURN_TYPE = YES_ERROR;
				GCC_WARN_UNDECLARED_SELECTOR = YES;
				GCC_WARN_UNINITIALIZED_AUTOS = YES_AGGRESSIVE;
				GCC_WARN_UNUSED_FUNCTION = YES;
				GCC_WARN_UNUSED_VARIABLE = YES;
				IPHONEOS_DEPLOYMENT_TARGET = 16.0;
				MTL_ENABLE_DEBUG_INFO = NO;
				MTL_FAST_MATH = YES;
				SDKROOT = iphoneos;
				SWIFT_COMPILATION_MODE = wholemodule;
				SWIFT_OPTIMIZATION_LEVEL = "-O";
				VALIDATE_PRODUCT = YES;
			};
			name = Release;
		};
		30B4EFCA2993F9F600214769 /* Debug */ = {
			isa = XCBuildConfiguration;
			buildSettings = {
				ASSETCATALOG_COMPILER_APPICON_NAME = AppIcon;
				ASSETCATALOG_COMPILER_GLOBAL_ACCENT_COLOR_NAME = AccentColor;
				CODE_SIGN_STYLE = Automatic;
				CURRENT_PROJECT_VERSION = 1;
				DEVELOPMENT_ASSET_PATHS = "\"maps hackwich/Preview Content\"";
				DEVELOPMENT_TEAM = NX45SC475G;
				ENABLE_PREVIEWS = YES;
				GENERATE_INFOPLIST_FILE = YES;
				INFOPLIST_KEY_UIApplicationSceneManifest_Generation = YES;
				INFOPLIST_KEY_UIApplicationSupportsIndirectInputEvents = YES;
				INFOPLIST_KEY_UILaunchScreen_Generation = YES;
				INFOPLIST_KEY_UISupportedInterfaceOrientations_iPad = "UIInterfaceOrientationPortrait UIInterfaceOrientationPortraitUpsideDown UIInterfaceOrientationLandscapeLeft UIInterfaceOrientationLandscapeRight";
				INFOPLIST_KEY_UISupportedInterfaceOrientations_iPhone = "UIInterfaceOrientationPortrait UIInterfaceOrientationLandscapeLeft UIInterfaceOrientationLandscapeRight";
				LD_RUNPATH_SEARCH_PATHS = (
					"$(inherited)",
					"@executable_path/Frameworks",
				);
				MARKETING_VERSION = 1.0;
				PRODUCT_BUNDLE_IDENTIFIER = "MApps.maps-hackwich";
				PRODUCT_NAME = "$(TARGET_NAME)";
				SWIFT_EMIT_LOC_STRINGS = YES;
				SWIFT_VERSION = 5.0;
				TARGETED_DEVICE_FAMILY = "1,2";
			};
			name = Debug;
		};
		30B4EFCB2993F9F600214769 /* Release */ = {
			isa = XCBuildConfiguration;
			buildSettings = {
				ASSETCATALOG_COMPILER_APPICON_NAME = AppIcon;
				ASSETCATALOG_COMPILER_GLOBAL_ACCENT_COLOR_NAME = AccentColor;
				CODE_SIGN_STYLE = Automatic;
				CURRENT_PROJECT_VERSION = 1;
				DEVELOPMENT_ASSET_PATHS = "\"maps hackwich/Preview Content\"";
				DEVELOPMENT_TEAM = NX45SC475G;
				ENABLE_PREVIEWS = YES;
				GENERATE_INFOPLIST_FILE = YES;
				INFOPLIST_KEY_UIApplicationSceneManifest_Generation = YES;
				INFOPLIST_KEY_UIApplicationSupportsIndirectInputEvents = YES;
				INFOPLIST_KEY_UILaunchScreen_Generation = YES;
				INFOPLIST_KEY_UISupportedInterfaceOrientations_iPad = "UIInterfaceOrientationPortrait UIInterfaceOrientationPortraitUpsideDown UIInterfaceOrientationLandscapeLeft UIInterfaceOrientationLandscapeRight";
				INFOPLIST_KEY_UISupportedInterfaceOrientations_iPhone = "UIInterfaceOrientationPortrait UIInterfaceOrientationLandscapeLeft UIInterfaceOrientationLandscapeRight";
				LD_RUNPATH_SEARCH_PATHS = (
					"$(inherited)",
					"@executable_path/Frameworks",
				);
				MARKETING_VERSION = 1.0;
				PRODUCT_BUNDLE_IDENTIFIER = "MApps.maps-hackwich";
				PRODUCT_NAME = "$(TARGET_NAME)";
				SWIFT_EMIT_LOC_STRINGS = YES;
				SWIFT_VERSION = 5.0;
				TARGETED_DEVICE_FAMILY = "1,2";
			};
			name = Release;
		};
		30B4EFCD2993F9F600214769 /* Debug */ = {
			isa = XCBuildConfiguration;
			buildSettings = {
				ALWAYS_EMBED_SWIFT_STANDARD_LIBRARIES = YES;
				BUNDLE_LOADER = "$(TEST_HOST)";
				CODE_SIGN_STYLE = Automatic;
				CURRENT_PROJECT_VERSION = 1;
				DEVELOPMENT_TEAM = NX45SC475G;
				GENERATE_INFOPLIST_FILE = YES;
				IPHONEOS_DEPLOYMENT_TARGET = 16.0;
				MARKETING_VERSION = 1.0;
				PRODUCT_BUNDLE_IDENTIFIER = "MApps.maps-hackwichTests";
				PRODUCT_NAME = "$(TARGET_NAME)";
				SWIFT_EMIT_LOC_STRINGS = NO;
				SWIFT_VERSION = 5.0;
				TARGETED_DEVICE_FAMILY = "1,2";
				TEST_HOST = "$(BUILT_PRODUCTS_DIR)/maps hackwich.app/$(BUNDLE_EXECUTABLE_FOLDER_PATH)/maps hackwich";
			};
			name = Debug;
		};
		30B4EFCE2993F9F600214769 /* Release */ = {
			isa = XCBuildConfiguration;
			buildSettings = {
				ALWAYS_EMBED_SWIFT_STANDARD_LIBRARIES = YES;
				BUNDLE_LOADER = "$(TEST_HOST)";
				CODE_SIGN_STYLE = Automatic;
				CURRENT_PROJECT_VERSION = 1;
				DEVELOPMENT_TEAM = NX45SC475G;
				GENERATE_INFOPLIST_FILE = YES;
				IPHONEOS_DEPLOYMENT_TARGET = 16.0;
				MARKETING_VERSION = 1.0;
				PRODUCT_BUNDLE_IDENTIFIER = "MApps.maps-hackwichTests";
				PRODUCT_NAME = "$(TARGET_NAME)";
				SWIFT_EMIT_LOC_STRINGS = NO;
				SWIFT_VERSION = 5.0;
				TARGETED_DEVICE_FAMILY = "1,2";
				TEST_HOST = "$(BUILT_PRODUCTS_DIR)/maps hackwich.app/$(BUNDLE_EXECUTABLE_FOLDER_PATH)/maps hackwich";
			};
			name = Release;
		};
		30B4EFD02993F9F600214769 /* Debug */ = {
			isa = XCBuildConfiguration;
			buildSettings = {
				ALWAYS_EMBED_SWIFT_STANDARD_LIBRARIES = YES;
				CODE_SIGN_STYLE = Automatic;
				CURRENT_PROJECT_VERSION = 1;
				DEVELOPMENT_TEAM = NX45SC475G;
				GENERATE_INFOPLIST_FILE = YES;
				MARKETING_VERSION = 1.0;
				PRODUCT_BUNDLE_IDENTIFIER = "MApps.maps-hackwichUITests";
				PRODUCT_NAME = "$(TARGET_NAME)";
				SWIFT_EMIT_LOC_STRINGS = NO;
				SWIFT_VERSION = 5.0;
				TARGETED_DEVICE_FAMILY = "1,2";
				TEST_TARGET_NAME = "maps hackwich";
			};
			name = Debug;
		};
		30B4EFD12993F9F600214769 /* Release */ = {
			isa = XCBuildConfiguration;
			buildSettings = {
				ALWAYS_EMBED_SWIFT_STANDARD_LIBRARIES = YES;
				CODE_SIGN_STYLE = Automatic;
				CURRENT_PROJECT_VERSION = 1;
				DEVELOPMENT_TEAM = NX45SC475G;
				GENERATE_INFOPLIST_FILE = YES;
				MARKETING_VERSION = 1.0;
				PRODUCT_BUNDLE_IDENTIFIER = "MApps.maps-hackwichUITests";
				PRODUCT_NAME = "$(TARGET_NAME)";
				SWIFT_EMIT_LOC_STRINGS = NO;
				SWIFT_VERSION = 5.0;
				TARGETED_DEVICE_FAMILY = "1,2";
				TEST_TARGET_NAME = "maps hackwich";
			};
			name = Release;
		};
/* End XCBuildConfiguration section */

/* Begin XCConfigurationList section */
		30B4EFA02993F9F400214769 /* Build configuration list for PBXProject "maps hackwich" */ = {
			isa = XCConfigurationList;
			buildConfigurations = (
				30B4EFC72993F9F600214769 /* Debug */,
				30B4EFC82993F9F600214769 /* Release */,
			);
			defaultConfigurationIsVisible = 0;
			defaultConfigurationName = Release;
		};
		30B4EFC92993F9F600214769 /* Build configuration list for PBXNativeTarget "maps hackwich" */ = {
			isa = XCConfigurationList;
			buildConfigurations = (
				30B4EFCA2993F9F600214769 /* Debug */,
				30B4EFCB2993F9F600214769 /* Release */,
			);
			defaultConfigurationIsVisible = 0;
			defaultConfigurationName = Release;
		};
		30B4EFCC2993F9F600214769 /* Build configuration list for PBXNativeTarget "maps hackwichTests" */ = {
			isa = XCConfigurationList;
			buildConfigurations = (
				30B4EFCD2993F9F600214769 /* Debug */,
				30B4EFCE2993F9F600214769 /* Release */,
			);
			defaultConfigurationIsVisible = 0;
			defaultConfigurationName = Release;
		};
		30B4EFCF2993F9F600214769 /* Build configuration list for PBXNativeTarget "maps hackwichUITests" */ = {
			isa = XCConfigurationList;
			buildConfigurations = (
				30B4EFD02993F9F600214769 /* Debug */,
				30B4EFD12993F9F600214769 /* Release */,
			);
			defaultConfigurationIsVisible = 0;
			defaultConfigurationName = Release;
		};
/* End XCConfigurationList section */
	};
	rootObject = 30B4EF9D2993F9F400214769 /* Project object */;
}
